
Microsoft Visual Studio Solution File, Format Version 12.00
# Visual Studio Version 17
VisualStudioVersion = 17.8.34309.116
MinimumVisualStudioVersion = 10.0.40219.1
Project("{FAE04EC0-301F-11D3-BF4B-00C04F79EFBC}") = "MetroMetricsApp", "MetroMetricsApp.csproj", "{EF1EFCD4-63B0-4E46-B842-6AC096BF7A9F}"
EndProject
Global
	GlobalSection(SolutionConfigurationPlatforms) = preSolution
		Debug|Any CPU = Debug|Any CPU
		Release|Any CPU = Release|Any CPU
	EndGlobalSection
	GlobalSection(ProjectConfigurationPlatforms) = postSolution
		{EF1EFCD4-63B0-4E46-B842-6AC096BF7A9F}.Debug|Any CPU.ActiveCfg = Debug|Any CPU
		{EF1EFCD4-63B0-4E46-B842-6AC096BF7A9F}.Debug|Any CPU.Build.0 = Debug|Any CPU
		{EF1EFCD4-63B0-4E46-B842-6AC096BF7A9F}.Release|Any CPU.ActiveCfg = Release|Any CPU
		{EF1EFCD4-63B0-4E46-B842-6AC096BF7A9F}.Release|Any CPU.Build.0 = Release|Any CPU
	EndGlobalSection
	GlobalSection(SolutionProperties) = preSolution
		HideSolutionNode = FALSE
	EndGlobalSection
	GlobalSection(ExtensibilityGlobals) = postSolution
		SolutionGuid = {1560485E-73AF-4EE9-941E-DDB1416BD060}
	EndGlobalSection
EndGlobal
